
Microsoft Visual Studio Solution File, Format Version 12.00
# Visual Studio Version 17
VisualStudioVersion = 17.4.33205.214
MinimumVisualStudioVersion = 10.0.40219.1
Project("{FAE04EC0-301F-11D3-BF4B-00C04F79EFBC}") = "Snake", "Snake\Snake.csproj", "{3BD39740-42FF-4572-9DD4-F63025DDD363}"
EndProject
Global
	GlobalSection(SolutionConfigurationPlatforms) = preSolution
		Debug|Any CPU = Debug|Any CPU
		Release|Any CPU = Release|Any CPU
	EndGlobalSection
	GlobalSection(ProjectConfigurationPlatforms) = postSolution
		{3BD39740-42FF-4572-9DD4-F63025DDD363}.Debug|Any CPU.ActiveCfg = Debug|Any CPU
		{3BD39740-42FF-4572-9DD4-F63025DDD363}.Debug|Any CPU.Build.0 = Debug|Any CPU
		{3BD39740-42FF-4572-9DD4-F63025DDD363}.Release|Any CPU.ActiveCfg = Release|Any CPU
		{3BD39740-42FF-4572-9DD4-F63025DDD363}.Release|Any CPU.Build.0 = Release|Any CPU
	EndGlobalSection
	GlobalSection(SolutionProperties) = preSolution
		HideSolutionNode = FALSE
	EndGlobalSection
	GlobalSection(ExtensibilityGlobals) = postSolution
		SolutionGuid = {70975864-D4ED-49FA-8822-1DDF0DADD091}
	EndGlobalSection
EndGlobal
